
Microsoft Visual Studio Solution File, Format Version 11.00
# Visual Studio 2010
Project("{FAE04EC0-301F-11D3-BF4B-00C04F79EFBC}") = "TFG - Sistema Mobile", "TFG - Sistema Mobile\TFG - Sistema Mobile.csproj", "{184C7A66-5B7A-4AA4-87C5-68E3112BA70B}"
EndProject
Global
	GlobalSection(SolutionConfigurationPlatforms) = preSolution
		Debug|Any CPU = Debug|Any CPU
		Release|Any CPU = Release|Any CPU
	EndGlobalSection
	GlobalSection(ProjectConfigurationPlatforms) = postSolution
		{184C7A66-5B7A-4AA4-87C5-68E3112BA70B}.Debug|Any CPU.ActiveCfg = Debug|Any CPU
		{184C7A66-5B7A-4AA4-87C5-68E3112BA70B}.Debug|Any CPU.Build.0 = Debug|Any CPU
		{184C7A66-5B7A-4AA4-87C5-68E3112BA70B}.Debug|Any CPU.Deploy.0 = Debug|Any CPU
		{184C7A66-5B7A-4AA4-87C5-68E3112BA70B}.Release|Any CPU.ActiveCfg = Release|Any CPU
		{184C7A66-5B7A-4AA4-87C5-68E3112BA70B}.Release|Any CPU.Build.0 = Release|Any CPU
		{184C7A66-5B7A-4AA4-87C5-68E3112BA70B}.Release|Any CPU.Deploy.0 = Release|Any CPU
	EndGlobalSection
	GlobalSection(SolutionProperties) = preSolution
		HideSolutionNode = FALSE
	EndGlobalSection
EndGlobal
